
Microsoft Visual Studio Solution File, Format Version 12.00
Project("{FAE04EC0-301F-11D3-BF4B-00C04F79EFBC}") = "CDHEmailApi", "CDHEmailApi\CDHEmailApi.csproj", "{B70A016C-680D-4270-9D62-29FBB2900F6C}"
EndProject
Global
	GlobalSection(SolutionConfigurationPlatforms) = preSolution
		Debug|Any CPU = Debug|Any CPU
		Release|Any CPU = Release|Any CPU
	EndGlobalSection
	GlobalSection(ProjectConfigurationPlatforms) = postSolution
		{B70A016C-680D-4270-9D62-29FBB2900F6C}.Debug|Any CPU.ActiveCfg = Debug|Any CPU
		{B70A016C-680D-4270-9D62-29FBB2900F6C}.Debug|Any CPU.Build.0 = Debug|Any CPU
		{B70A016C-680D-4270-9D62-29FBB2900F6C}.Release|Any CPU.ActiveCfg = Release|Any CPU
		{B70A016C-680D-4270-9D62-29FBB2900F6C}.Release|Any CPU.Build.0 = Release|Any CPU
	EndGlobalSection
EndGlobal
